{
  "nodes": {
    "catppuccin-alacritty": {
      "flake": false,
      "locked": {
        "lastModified": 1664239314,
        "narHash": "sha256-w9XVtEe7TqzxxGUCDUR9BFkzLZjG8XrplXJ3lX6f+x0=",
        "owner": "catppuccin",
        "repo": "alacritty",
        "rev": "3c808cbb4f9c87be43ba5241bc57373c793d2f17",
        "type": "github"
      },
      "original": {
        "owner": "catppuccin",
        "repo": "alacritty",
        "type": "github"
      }
    },
    "catppuccin-alacritty-theme": {
      "inputs": {
        "catppuccin-alacritty": "catppuccin-alacritty",
        "flake-parts": "flake-parts",
        "nixpkgs": "nixpkgs"
      },
      "locked": {
        "lastModified": 1690230488,
        "narHash": "sha256-2BzLUi07a8yIgPtztG4QWzhcgpfcAQ/KRFkjkjbSXKA=",
        "owner": "ohlus",
        "repo": "catppuccin-alacritty-theme.nix",
        "rev": "43331f4569bb571735eb2282b0615eef56f63b05",
        "type": "github"
      },
      "original": {
        "owner": "ohlus",
        "repo": "catppuccin-alacritty-theme.nix",
        "type": "github"
      }
    },
    "crane": {
      "inputs": {
        "nixpkgs": [
          "helix",
          "nixpkgs"
        ]
      },
      "locked": {
        "lastModified": 1701025348,
        "narHash": "sha256-42GHmYH+GF7VjwGSt+fVT1CQuNpGanJbNgVHTAZppUM=",
        "owner": "ipetkov",
        "repo": "crane",
        "rev": "42afaeb1a0325194a7cdb526332d2cb92fddd07b",
        "type": "github"
      },
      "original": {
        "owner": "ipetkov",
        "repo": "crane",
        "type": "github"
      }
    },
    "eww": {
      "inputs": {
        "flake-compat": "flake-compat",
        "nixpkgs": "nixpkgs_2",
        "rust-overlay": [
          "rust-overlay"
        ]
      },
      "locked": {
        "lastModified": 1702290399,
        "narHash": "sha256-hIP3l1a9Jm8HZx9TuV8IoqdvFzjI+SB5Npz08oC6ZU8=",
        "owner": "elkowar",
        "repo": "eww",
        "rev": "fff40ce1a78d4d75bf63a8ee33dd7d9be8dc289e",
        "type": "github"
      },
      "original": {
        "owner": "elkowar",
        "repo": "eww",
        "type": "github"
      }
    },
    "flake-compat": {
      "flake": false,
      "locked": {
        "lastModified": 1650374568,
        "narHash": "sha256-Z+s0J8/r907g149rllvwhb4pKi8Wam5ij0st8PwAh+E=",
        "owner": "edolstra",
        "repo": "flake-compat",
        "rev": "b4a34015c698c7793d592d66adbab377907a2be8",
        "type": "github"
      },
      "original": {
        "owner": "edolstra",
        "repo": "flake-compat",
        "type": "github"
      }
    },
    "flake-parts": {
      "inputs": {
        "nixpkgs-lib": "nixpkgs-lib"
      },
      "locked": {
        "lastModified": 1688466019,
        "narHash": "sha256-VeM2akYrBYMsb4W/MmBo1zmaMfgbL4cH3Pu8PGyIwJ0=",
        "owner": "hercules-ci",
        "repo": "flake-parts",
        "rev": "8e8d955c22df93dbe24f19ea04f47a74adbdc5ec",
        "type": "github"
      },
      "original": {
        "owner": "hercules-ci",
        "repo": "flake-parts",
        "type": "github"
      }
    },
    "flake-parts_2": {
      "inputs": {
        "nixpkgs-lib": "nixpkgs-lib_2"
      },
      "locked": {
        "lastModified": 1673362319,
        "narHash": "sha256-Pjp45Vnj7S/b3BRpZEVfdu8sqqA6nvVjvYu59okhOyI=",
        "owner": "hercules-ci",
        "repo": "flake-parts",
        "rev": "82c16f1682cf50c01cb0280b38a1eed202b3fe9f",
        "type": "github"
      },
      "original": {
        "owner": "hercules-ci",
        "repo": "flake-parts",
        "type": "github"
      }
    },
    "flake-utils": {
      "inputs": {
        "systems": "systems"
      },
      "locked": {
        "lastModified": 1694529238,
        "narHash": "sha256-zsNZZGTGnMOf9YpHKJqMSsa0dXbfmxeoJ7xHlrt+xmY=",
        "owner": "numtide",
        "repo": "flake-utils",
        "rev": "ff7b65b44d01cf9ba6a71320833626af21126384",
        "type": "github"
      },
      "original": {
        "owner": "numtide",
        "repo": "flake-utils",
        "type": "github"
      }
    },
    "flake-utils_2": {
      "inputs": {
        "systems": "systems_3"
      },
      "locked": {
        "lastModified": 1681202837,
        "narHash": "sha256-H+Rh19JDwRtpVPAWp64F+rlEtxUWBAQW28eAi3SRSzg=",
        "owner": "numtide",
        "repo": "flake-utils",
        "rev": "cfacdce06f30d2b68473a46042957675eebb3401",
        "type": "github"
      },
      "original": {
        "owner": "numtide",
        "repo": "flake-utils",
        "type": "github"
      }
    },
    "helix": {
      "inputs": {
        "crane": "crane",
        "flake-utils": "flake-utils",
        "nixpkgs": "nixpkgs_3",
        "rust-overlay": "rust-overlay"
      },
      "locked": {
        "lastModified": 1702485432,
        "narHash": "sha256-3wcT7NGgH1Du9w+acJEnrorr49g2c2040m00FNNFLWs=",
        "owner": "helix-editor",
        "repo": "helix",
        "rev": "7c55190806f31595e18da2b56c8ca54d8f5b33b7",
        "type": "github"
      },
      "original": {
        "owner": "helix-editor",
        "repo": "helix",
        "type": "github"
      }
    },
    "home-manager": {
      "inputs": {
        "nixpkgs": [
          "nixpkgs"
        ]
      },
      "locked": {
        "lastModified": 1702423270,
        "narHash": "sha256-3ZA5E+b2XBP+c9qGhWpRApzPq/PZtIPgkeEDpTBV4g8=",
        "owner": "nix-community",
        "repo": "home-manager",
        "rev": "d9297efd3a1c3ebb9027dc68f9da0ac002ae94db",
        "type": "github"
      },
      "original": {
        "owner": "nix-community",
        "repo": "home-manager",
        "type": "github"
      }
    },
    "hyprland": {
      "inputs": {
        "hyprland-protocols": "hyprland-protocols",
        "nixpkgs": "nixpkgs_4",
        "systems": "systems_2",
        "wlroots": "wlroots",
        "xdph": "xdph"
      },
      "locked": {
        "lastModified": 1702488319,
        "narHash": "sha256-goxBCjjWitvx2Oq4AihpA2OhYEirolMLC48fdA7Iey8=",
        "owner": "hyprwm",
        "repo": "Hyprland",
        "rev": "01e5c59d752d3fe7fa484330fa48e010054b8fa1",
        "type": "github"
      },
      "original": {
        "owner": "hyprwm",
        "repo": "Hyprland",
        "type": "github"
      }
    },
    "hyprland-protocols": {
      "inputs": {
        "nixpkgs": [
          "hyprland",
          "nixpkgs"
        ],
        "systems": [
          "hyprland",
          "systems"
        ]
      },
      "locked": {
        "lastModified": 1691753796,
        "narHash": "sha256-zOEwiWoXk3j3+EoF3ySUJmberFewWlagvewDRuWYAso=",
        "owner": "hyprwm",
        "repo": "hyprland-protocols",
        "rev": "0c2ce70625cb30aef199cb388f99e19a61a6ce03",
        "type": "github"
      },
      "original": {
        "owner": "hyprwm",
        "repo": "hyprland-protocols",
        "type": "github"
      }
    },
    "nixpkgs": {
      "locked": {
        "lastModified": 1690031011,
        "narHash": "sha256-kzK0P4Smt7CL53YCdZCBbt9uBFFhE0iNvCki20etAf4=",
        "owner": "NixOS",
        "repo": "nixpkgs",
        "rev": "12303c652b881435065a98729eb7278313041e49",
        "type": "github"
      },
      "original": {
        "owner": "NixOS",
        "ref": "nixos-unstable",
        "repo": "nixpkgs",
        "type": "github"
      }
    },
    "nixpkgs-lib": {
      "locked": {
        "dir": "lib",
        "lastModified": 1688049487,
        "narHash": "sha256-100g4iaKC9MalDjUW9iN6Jl/OocTDtXdeAj7pEGIRh4=",
        "owner": "NixOS",
        "repo": "nixpkgs",
        "rev": "4bc72cae107788bf3f24f30db2e2f685c9298dc9",
        "type": "github"
      },
      "original": {
        "dir": "lib",
        "owner": "NixOS",
        "ref": "nixos-unstable",
        "repo": "nixpkgs",
        "type": "github"
      }
    },
    "nixpkgs-lib_2": {
      "locked": {
        "dir": "lib",
        "lastModified": 1672350804,
        "narHash": "sha256-jo6zkiCabUBn3ObuKXHGqqORUMH27gYDIFFfLq5P4wg=",
        "owner": "NixOS",
        "repo": "nixpkgs",
        "rev": "677ed08a50931e38382dbef01cba08a8f7eac8f6",
        "type": "github"
      },
      "original": {
        "dir": "lib",
        "owner": "NixOS",
        "ref": "nixos-unstable",
        "repo": "nixpkgs",
        "type": "github"
      }
    },
    "nixpkgs_2": {
      "locked": {
        "lastModified": 1661353537,
        "narHash": "sha256-1E2IGPajOsrkR49mM5h55OtYnU0dGyre6gl60NXKITE=",
        "owner": "nixos",
        "repo": "nixpkgs",
        "rev": "0e304ff0d9db453a4b230e9386418fd974d5804a",
        "type": "github"
      },
      "original": {
        "owner": "nixos",
        "ref": "nixpkgs-unstable",
        "repo": "nixpkgs",
        "type": "github"
      }
    },
    "nixpkgs_3": {
      "locked": {
        "lastModified": 1700794826,
        "narHash": "sha256-RyJTnTNKhO0yqRpDISk03I/4A67/dp96YRxc86YOPgU=",
        "owner": "nixos",
        "repo": "nixpkgs",
        "rev": "5a09cb4b393d58f9ed0d9ca1555016a8543c2ac8",
        "type": "github"
      },
      "original": {
        "owner": "nixos",
        "ref": "nixos-unstable",
        "repo": "nixpkgs",
        "type": "github"
      }
    },
    "nixpkgs_4": {
      "locked": {
        "lastModified": 1702312524,
        "narHash": "sha256-gkZJRDBUCpTPBvQk25G0B7vfbpEYM5s5OZqghkjZsnE=",
        "owner": "NixOS",
        "repo": "nixpkgs",
        "rev": "a9bf124c46ef298113270b1f84a164865987a91c",
        "type": "github"
      },
      "original": {
        "owner": "NixOS",
        "ref": "nixos-unstable",
        "repo": "nixpkgs",
        "type": "github"
      }
    },
    "nixpkgs_5": {
      "locked": {
        "lastModified": 1702312524,
        "narHash": "sha256-gkZJRDBUCpTPBvQk25G0B7vfbpEYM5s5OZqghkjZsnE=",
        "owner": "nixos",
        "repo": "nixpkgs",
        "rev": "a9bf124c46ef298113270b1f84a164865987a91c",
        "type": "github"
      },
      "original": {
        "owner": "nixos",
        "ref": "nixos-unstable",
        "repo": "nixpkgs",
        "type": "github"
      }
    },
    "nixpkgs_6": {
      "locked": {
        "lastModified": 1698924604,
        "narHash": "sha256-GCFbkl2tj8fEZBZCw3Tc0AkGo0v+YrQlohhEGJ/X4s0=",
        "owner": "nixos",
        "repo": "nixpkgs",
        "rev": "fa804edfb7869c9fb230e174182a8a1a7e512c40",
        "type": "github"
      },
      "original": {
        "owner": "nixos",
        "ref": "nixos-unstable",
        "repo": "nixpkgs",
        "type": "github"
      }
    },
    "nixpkgs_7": {
      "locked": {
        "lastModified": 1681358109,
        "narHash": "sha256-eKyxW4OohHQx9Urxi7TQlFBTDWII+F+x2hklDOQPB50=",
        "owner": "NixOS",
        "repo": "nixpkgs",
        "rev": "96ba1c52e54e74c3197f4d43026b3f3d92e83ff9",
        "type": "github"
      },
      "original": {
        "owner": "NixOS",
        "ref": "nixpkgs-unstable",
        "repo": "nixpkgs",
        "type": "github"
      }
    },
    "nwg-displays": {
      "inputs": {
        "flake-parts": "flake-parts_2",
        "nixpkgs": "nixpkgs_6"
      },
      "locked": {
        "lastModified": 1702213136,
        "narHash": "sha256-clL34Ewzf0sJEWiye4L4e1RrPFIHkmotLpPaibGvVY4=",
        "owner": "nwg-piotr",
        "repo": "nwg-displays",
        "rev": "9e4d94107f1b2aa4bb040ac1779559e869cf3ad2",
        "type": "github"
      },
      "original": {
        "owner": "nwg-piotr",
        "repo": "nwg-displays",
        "type": "github"
      }
    },
    "root": {
      "inputs": {
        "catppuccin-alacritty-theme": "catppuccin-alacritty-theme",
        "eww": "eww",
        "helix": "helix",
        "home-manager": "home-manager",
        "hyprland": "hyprland",
        "nixpkgs": "nixpkgs_5",
        "nwg-displays": "nwg-displays",
        "rust-overlay": "rust-overlay_2"
      }
    },
    "rust-overlay": {
      "inputs": {
        "flake-utils": [
          "helix",
          "flake-utils"
        ],
        "nixpkgs": [
          "helix",
          "nixpkgs"
        ]
      },
      "locked": {
        "lastModified": 1701137803,
        "narHash": "sha256-0LcPAdql5IhQSUXJx3Zna0dYTgdIoYO7zUrsKgiBd04=",
        "owner": "oxalica",
        "repo": "rust-overlay",
        "rev": "9dd940c967502f844eacea52a61e9596268d4f70",
        "type": "github"
      },
      "original": {
        "owner": "oxalica",
        "repo": "rust-overlay",
        "type": "github"
      }
    },
    "rust-overlay_2": {
      "inputs": {
        "flake-utils": "flake-utils_2",
        "nixpkgs": "nixpkgs_7"
      },
      "locked": {
        "lastModified": 1702433821,
        "narHash": "sha256-Kxv+dRbzj1fLQG0fyF/H6nswda6cN48r6kjctysnY4o=",
        "owner": "oxalica",
        "repo": "rust-overlay",
        "rev": "cb9016d3a569100a609bb92c0a45beb9e23cd4eb",
        "type": "github"
      },
      "original": {
        "owner": "oxalica",
        "repo": "rust-overlay",
        "type": "github"
      }
    },
    "systems": {
      "locked": {
        "lastModified": 1681028828,
        "narHash": "sha256-Vy1rq5AaRuLzOxct8nz4T6wlgyUR7zLU309k9mBC768=",
        "owner": "nix-systems",
        "repo": "default",
        "rev": "da67096a3b9bf56a91d16901293e51ba5b49a27e",
        "type": "github"
      },
      "original": {
        "owner": "nix-systems",
        "repo": "default",
        "type": "github"
      }
    },
    "systems_2": {
      "locked": {
        "lastModified": 1689347949,
        "narHash": "sha256-12tWmuL2zgBgZkdoB6qXZsgJEH9LR3oUgpaQq2RbI80=",
        "owner": "nix-systems",
        "repo": "default-linux",
        "rev": "31732fcf5e8fea42e59c2488ad31a0e651500f68",
        "type": "github"
      },
      "original": {
        "owner": "nix-systems",
        "repo": "default-linux",
        "type": "github"
      }
    },
    "systems_3": {
      "locked": {
        "lastModified": 1681028828,
        "narHash": "sha256-Vy1rq5AaRuLzOxct8nz4T6wlgyUR7zLU309k9mBC768=",
        "owner": "nix-systems",
        "repo": "default",
        "rev": "da67096a3b9bf56a91d16901293e51ba5b49a27e",
        "type": "github"
      },
      "original": {
        "owner": "nix-systems",
        "repo": "default",
        "type": "github"
      }
    },
    "wlroots": {
      "flake": false,
      "locked": {
        "host": "gitlab.freedesktop.org",
        "lastModified": 1701368958,
        "narHash": "sha256-7kvyoA91etzVEl9mkA/EJfB6z/PltxX7Xc4gcr7/xlo=",
        "owner": "wlroots",
        "repo": "wlroots",
        "rev": "5d639394f3e83b01596dcd166a44a9a1a2583350",
        "type": "gitlab"
      },
      "original": {
        "host": "gitlab.freedesktop.org",
        "owner": "wlroots",
        "repo": "wlroots",
        "rev": "5d639394f3e83b01596dcd166a44a9a1a2583350",
        "type": "gitlab"
      }
    },
    "xdph": {
      "inputs": {
        "hyprland-protocols": [
          "hyprland",
          "hyprland-protocols"
        ],
        "nixpkgs": [
          "hyprland",
          "nixpkgs"
        ],
        "systems": [
          "hyprland",
          "systems"
        ]
      },
      "locked": {
        "lastModified": 1702334919,
        "narHash": "sha256-ibOZ3TLjqndGMcj2f+07NFwDWoum4IbzF58byZuJJNg=",
        "owner": "hyprwm",
        "repo": "xdg-desktop-portal-hyprland",
        "rev": "f5c3576c3b6cb1c31a8dfa3e4113f59bfe40cd71",
        "type": "github"
      },
      "original": {
        "owner": "hyprwm",
        "repo": "xdg-desktop-portal-hyprland",
        "type": "github"
      }
    }
  },
  "root": "root",
  "version": 7
}
